{
  "nodes": {
    "kernel-src": {
      "flake": false,
      "locked": {
        "lastModified": 1687601926,
        "narHash": "sha256-P9VZmAkLdNoeoXmWXdjWt+kBYsUQ++4Nt2Tl9FV1RVw=",
        "owner": "revyos",
        "repo": "thead-kernel",
        "rev": "ded657fd091ecc6a53d97982988880e1f0f4c0a6",
        "type": "github"
      },
      "original": {
        "owner": "revyos",
        "ref": "lpi4a",
        "repo": "thead-kernel",
        "type": "github"
      }
    },
    "nixpkgs": {
      "locked": {
        "lastModified": 1687573514,
        "narHash": "sha256-jek0ezqxfiFPALhimRDBzgGOSgDv7ExZFhPDmAXoIsw=",
        "owner": "nixos",
        "repo": "nixpkgs",
        "rev": "3ef8b37f59cf2e0b57371df726f3c0ecacfa0e73",
        "type": "github"
      },
      "original": {
        "owner": "nixos",
        "ref": "nixos-23.05-small",
        "repo": "nixpkgs",
        "type": "github"
      }
    },
    "root": {
      "inputs": {
        "kernel-src": "kernel-src",
        "nixpkgs": "nixpkgs"
      }
    }
  },
  "root": "root",
  "version": 7
}
