{
  "nodes": {
    "nixpkgs": {
      "locked": {
        "lastModified": 1752866191,
        "narHash": "sha256-NV4S2Lf2hYmZQ3Qf4t/YyyBaJNuxLPyjzvDma0zPp/M=",
        "owner": "nixos",
        "repo": "nixpkgs",
        "rev": "f01fe91b0108a7aff99c99f2e9abbc45db0adc2a",
        "type": "github"
      },
      "original": {
        "owner": "nixos",
        "ref": "nixos-25.05",
        "repo": "nixpkgs",
        "type": "github"
      }
    },
    "root": {
      "inputs": {
        "nixpkgs": "nixpkgs"
      }
    }
  },
  "root": "root",
  "version": 7
}
