{
  "nodes": {
    "nixpkgs": {
      "locked": {
        "lastModified": 1691280485,
        "narHash": "sha256-/8Ct9092OC1TTNzHgbcE9ejQdS2QxZYGqrWXEwUxdtQ=",
        "owner": "nixos",
        "repo": "nixpkgs",
        "rev": "240472b7e47a641e9e7675f58b64d3626ca7824d",
        "type": "github"
      },
      "original": {
        "owner": "nixos",
        "ref": "nixos-23.05-small",
        "repo": "nixpkgs",
        "type": "github"
      }
    },
    "root": {
      "inputs": {
        "nixpkgs": "nixpkgs"
      }
    }
  },
  "root": "root",
  "version": 7
}
