{
  "nodes": {
    "nixos-licheepi4a": {
      "inputs": {
        "nixpkgs": "nixpkgs",
        "thead-kernel": "thead-kernel"
      },
      "locked": {
        "lastModified": 1692071013,
        "narHash": "sha256-BB2LGzPka0b9IeVaz8E3Xif6dhWEBEcladfc1uX6icA=",
        "owner": "ryan4yin",
        "repo": "nixos-licheepi4a",
        "rev": "ae781a0d5566be1a80830e4d95bf74cb34be46e6",
        "type": "github"
      },
      "original": {
        "owner": "ryan4yin",
        "repo": "nixos-licheepi4a",
        "type": "github"
      }
    },
    "nixpkgs": {
      "locked": {
        "lastModified": 1691280485,
        "narHash": "sha256-/8Ct9092OC1TTNzHgbcE9ejQdS2QxZYGqrWXEwUxdtQ=",
        "owner": "nixos",
        "repo": "nixpkgs",
        "rev": "240472b7e47a641e9e7675f58b64d3626ca7824d",
        "type": "github"
      },
      "original": {
        "owner": "nixos",
        "ref": "nixos-23.05-small",
        "repo": "nixpkgs",
        "type": "github"
      }
    },
    "nixpkgs_2": {
      "locked": {
        "lastModified": 1691280485,
        "narHash": "sha256-/8Ct9092OC1TTNzHgbcE9ejQdS2QxZYGqrWXEwUxdtQ=",
        "owner": "nixos",
        "repo": "nixpkgs",
        "rev": "240472b7e47a641e9e7675f58b64d3626ca7824d",
        "type": "github"
      },
      "original": {
        "owner": "nixos",
        "ref": "nixos-23.05-small",
        "repo": "nixpkgs",
        "type": "github"
      }
    },
    "root": {
      "inputs": {
        "nixos-licheepi4a": "nixos-licheepi4a",
        "nixpkgs": "nixpkgs_2"
      }
    },
    "thead-kernel": {
      "flake": false,
      "locked": {
        "lastModified": 1687607314,
        "narHash": "sha256-9R+XY18uDuMWjVzLkg4lTmxDltsvyI51qvm34SNVI4I=",
        "owner": "revyos",
        "repo": "thead-kernel",
        "rev": "9c58afc7addc5a4a5deef24dfe6a4a103549d3da",
        "type": "github"
      },
      "original": {
        "owner": "revyos",
        "ref": "lpi4a",
        "repo": "thead-kernel",
        "type": "github"
      }
    }
  },
  "root": "root",
  "version": 7
}
